
Microsoft Visual Studio Solution File, Format Version 12.00
# Visual Studio Version 17
VisualStudioVersion = 17.5.002.0
MinimumVisualStudioVersion = 10.0.40219.1
Project("{2150E333-8FDC-42A3-9474-1A3956D46DE8}") = "38. Debugging, Breakpoints, Runtime Error and Compile time Error", "38. Debugging, Breakpoints, Runtime Error and Compile time Error", "{8DD87C3F-E87F-4CBB-9659-BD4F781F7E03}"
EndProject
Project("{9A19103F-16F7-4668-BE54-9A1E7A4F7556}") = "MyApp", "38. Debugging, Breakpoints, Runtime Error and Compile time Error\MyApp\MyApp.csproj", "{AC69C959-7692-425E-92BB-90745E4C90A6}"
EndProject
Project("{FAE04EC0-301F-11D3-BF4B-00C04F79EFBC}") = "57. Else if keyword and order of importance", "57. Else if keyword and order of importance\57. Else if keyword and order of importance.csproj", "{322A586E-13CE-493C-B536-C43DE375B77A}"
EndProject
Project("{FAE04EC0-301F-11D3-BF4B-00C04F79EFBC}") = "58. Equality operator and not equal", "58. Equality operator and not equal\58. Equality operator and not equal.csproj", "{2B9233CB-1A13-4866-85ED-18C03D5298AE}"
EndProject
Project("{FAE04EC0-301F-11D3-BF4B-00C04F79EFBC}") = "59. Nested if statements", "59. Nested if statements\59. Nested if statements.csproj", "{71468599-3915-453B-A5F3-73D1E31D20C3}"
EndProject
Project("{FAE04EC0-301F-11D3-BF4B-00C04F79EFBC}") = "60. Understanding the scope of a varibale", "60. Understanding the scope of a varibale\60. Understanding the scope of a varibale.csproj", "{C93702A5-1952-4B50-A639-08146FE417E2}"
EndProject
Project("{FAE04EC0-301F-11D3-BF4B-00C04F79EFBC}") = "61. Challenge clubbing or no clubbing", "61. Challenge clubbing or no clubbing\61. Challenge clubbing or no clubbing.csproj", "{BFF656AF-D8DB-45C6-9695-3C28055C63E8}"
EndProject
Project("{FAE04EC0-301F-11D3-BF4B-00C04F79EFBC}") = "62.  One line if statements", "62.  One line if statements\62.  One line if statements.csproj", "{0D1D54A9-41B2-4C85-B64E-6A050D2D601E}"
EndProject
Project("{FAE04EC0-301F-11D3-BF4B-00C04F79EFBC}") = "63. The Switch statement", "63. The Switch statement\63. The Switch statement.csproj", "{62FD6C90-20CF-4BC6-BCAD-BBA066ADC955}"
EndProject
Project("{FAE04EC0-301F-11D3-BF4B-00C04F79EFBC}") = "66. Quiz app", "66. Quiz app\66. Quiz app.csproj", "{20AC3F3F-EC68-479D-9CB7-F9A24827E286}"
EndProject
Project("{FAE04EC0-301F-11D3-BF4B-00C04F79EFBC}") = "67. Using string methods Trim and ToLower", "67. Using string methods Trim and ToLower\67. Using string methods Trim and ToLower.csproj", "{0273C214-3030-4040-AA4A-8CA4F54B367B}"
EndProject
Project("{FAE04EC0-301F-11D3-BF4B-00C04F79EFBC}") = "68. Incrementing and preincrementing", "68. Incrementing and preincrementing\68. Incrementing and preincrementing.csproj", "{39CFC935-9CDF-46B3-B390-168834961203}"
EndProject
Project("{FAE04EC0-301F-11D3-BF4B-00C04F79EFBC}") = "69. Decrementing and modulo operator", "69. Decrementing and modulo operator\69. Decrementing and modulo operator.csproj", "{2863F7BA-2109-4207-A608-10CAADE27470}"
EndProject
Project("{FAE04EC0-301F-11D3-BF4B-00C04F79EFBC}") = "70. Try parse", "70. Try parse\70. Try parse.csproj", "{CA94A9D6-4048-480F-BDB5-14F4931158DA}"
EndProject
Project("{FAE04EC0-301F-11D3-BF4B-00C04F79EFBC}") = "71. How to generate a random number", "71. How to generate a random number\71. How to generate a random number.csproj", "{C44404E1-A124-45A0-B9EC-9636445B523B}"
EndProject
Project("{FAE04EC0-301F-11D3-BF4B-00C04F79EFBC}") = "73. For loop", "73. For loop\73. For loop.csproj", "{6266B6D0-A466-4C26-BE78-A6E629A4ECC3}"
EndProject
Project("{FAE04EC0-301F-11D3-BF4B-00C04F79EFBC}") = "74. For loop count down", "74. For loop count down\74. For loop count down.csproj", "{EA8A2D8D-F382-4942-93BF-EFE4CB939950}"
EndProject
Global
	GlobalSection(SolutionConfigurationPlatforms) = preSolution
		Debug|Any CPU = Debug|Any CPU
		Release|Any CPU = Release|Any CPU
	EndGlobalSection
	GlobalSection(ProjectConfigurationPlatforms) = postSolution
		{AC69C959-7692-425E-92BB-90745E4C90A6}.Debug|Any CPU.ActiveCfg = Debug|Any CPU
		{AC69C959-7692-425E-92BB-90745E4C90A6}.Debug|Any CPU.Build.0 = Debug|Any CPU
		{AC69C959-7692-425E-92BB-90745E4C90A6}.Release|Any CPU.ActiveCfg = Release|Any CPU
		{AC69C959-7692-425E-92BB-90745E4C90A6}.Release|Any CPU.Build.0 = Release|Any CPU
		{322A586E-13CE-493C-B536-C43DE375B77A}.Debug|Any CPU.ActiveCfg = Debug|Any CPU
		{322A586E-13CE-493C-B536-C43DE375B77A}.Debug|Any CPU.Build.0 = Debug|Any CPU
		{322A586E-13CE-493C-B536-C43DE375B77A}.Release|Any CPU.ActiveCfg = Release|Any CPU
		{322A586E-13CE-493C-B536-C43DE375B77A}.Release|Any CPU.Build.0 = Release|Any CPU
		{2B9233CB-1A13-4866-85ED-18C03D5298AE}.Debug|Any CPU.ActiveCfg = Debug|Any CPU
		{2B9233CB-1A13-4866-85ED-18C03D5298AE}.Debug|Any CPU.Build.0 = Debug|Any CPU
		{2B9233CB-1A13-4866-85ED-18C03D5298AE}.Release|Any CPU.ActiveCfg = Release|Any CPU
		{2B9233CB-1A13-4866-85ED-18C03D5298AE}.Release|Any CPU.Build.0 = Release|Any CPU
		{71468599-3915-453B-A5F3-73D1E31D20C3}.Debug|Any CPU.ActiveCfg = Debug|Any CPU
		{71468599-3915-453B-A5F3-73D1E31D20C3}.Debug|Any CPU.Build.0 = Debug|Any CPU
		{71468599-3915-453B-A5F3-73D1E31D20C3}.Release|Any CPU.ActiveCfg = Release|Any CPU
		{71468599-3915-453B-A5F3-73D1E31D20C3}.Release|Any CPU.Build.0 = Release|Any CPU
		{C93702A5-1952-4B50-A639-08146FE417E2}.Debug|Any CPU.ActiveCfg = Debug|Any CPU
		{C93702A5-1952-4B50-A639-08146FE417E2}.Debug|Any CPU.Build.0 = Debug|Any CPU
		{C93702A5-1952-4B50-A639-08146FE417E2}.Release|Any CPU.ActiveCfg = Release|Any CPU
		{C93702A5-1952-4B50-A639-08146FE417E2}.Release|Any CPU.Build.0 = Release|Any CPU
		{BFF656AF-D8DB-45C6-9695-3C28055C63E8}.Debug|Any CPU.ActiveCfg = Debug|Any CPU
		{BFF656AF-D8DB-45C6-9695-3C28055C63E8}.Debug|Any CPU.Build.0 = Debug|Any CPU
		{BFF656AF-D8DB-45C6-9695-3C28055C63E8}.Release|Any CPU.ActiveCfg = Release|Any CPU
		{BFF656AF-D8DB-45C6-9695-3C28055C63E8}.Release|Any CPU.Build.0 = Release|Any CPU
		{0D1D54A9-41B2-4C85-B64E-6A050D2D601E}.Debug|Any CPU.ActiveCfg = Debug|Any CPU
		{0D1D54A9-41B2-4C85-B64E-6A050D2D601E}.Debug|Any CPU.Build.0 = Debug|Any CPU
		{0D1D54A9-41B2-4C85-B64E-6A050D2D601E}.Release|Any CPU.ActiveCfg = Release|Any CPU
		{0D1D54A9-41B2-4C85-B64E-6A050D2D601E}.Release|Any CPU.Build.0 = Release|Any CPU
		{62FD6C90-20CF-4BC6-BCAD-BBA066ADC955}.Debug|Any CPU.ActiveCfg = Debug|Any CPU
		{62FD6C90-20CF-4BC6-BCAD-BBA066ADC955}.Debug|Any CPU.Build.0 = Debug|Any CPU
		{62FD6C90-20CF-4BC6-BCAD-BBA066ADC955}.Release|Any CPU.ActiveCfg = Release|Any CPU
		{62FD6C90-20CF-4BC6-BCAD-BBA066ADC955}.Release|Any CPU.Build.0 = Release|Any CPU
		{20AC3F3F-EC68-479D-9CB7-F9A24827E286}.Debug|Any CPU.ActiveCfg = Debug|Any CPU
		{20AC3F3F-EC68-479D-9CB7-F9A24827E286}.Debug|Any CPU.Build.0 = Debug|Any CPU
		{20AC3F3F-EC68-479D-9CB7-F9A24827E286}.Release|Any CPU.ActiveCfg = Release|Any CPU
		{20AC3F3F-EC68-479D-9CB7-F9A24827E286}.Release|Any CPU.Build.0 = Release|Any CPU
		{0273C214-3030-4040-AA4A-8CA4F54B367B}.Debug|Any CPU.ActiveCfg = Debug|Any CPU
		{0273C214-3030-4040-AA4A-8CA4F54B367B}.Debug|Any CPU.Build.0 = Debug|Any CPU
		{0273C214-3030-4040-AA4A-8CA4F54B367B}.Release|Any CPU.ActiveCfg = Release|Any CPU
		{0273C214-3030-4040-AA4A-8CA4F54B367B}.Release|Any CPU.Build.0 = Release|Any CPU
		{39CFC935-9CDF-46B3-B390-168834961203}.Debug|Any CPU.ActiveCfg = Debug|Any CPU
		{39CFC935-9CDF-46B3-B390-168834961203}.Debug|Any CPU.Build.0 = Debug|Any CPU
		{39CFC935-9CDF-46B3-B390-168834961203}.Release|Any CPU.ActiveCfg = Release|Any CPU
		{39CFC935-9CDF-46B3-B390-168834961203}.Release|Any CPU.Build.0 = Release|Any CPU
		{2863F7BA-2109-4207-A608-10CAADE27470}.Debug|Any CPU.ActiveCfg = Debug|Any CPU
		{2863F7BA-2109-4207-A608-10CAADE27470}.Debug|Any CPU.Build.0 = Debug|Any CPU
		{2863F7BA-2109-4207-A608-10CAADE27470}.Release|Any CPU.ActiveCfg = Release|Any CPU
		{2863F7BA-2109-4207-A608-10CAADE27470}.Release|Any CPU.Build.0 = Release|Any CPU
		{CA94A9D6-4048-480F-BDB5-14F4931158DA}.Debug|Any CPU.ActiveCfg = Debug|Any CPU
		{CA94A9D6-4048-480F-BDB5-14F4931158DA}.Debug|Any CPU.Build.0 = Debug|Any CPU
		{CA94A9D6-4048-480F-BDB5-14F4931158DA}.Release|Any CPU.ActiveCfg = Release|Any CPU
		{CA94A9D6-4048-480F-BDB5-14F4931158DA}.Release|Any CPU.Build.0 = Release|Any CPU
		{C44404E1-A124-45A0-B9EC-9636445B523B}.Debug|Any CPU.ActiveCfg = Debug|Any CPU
		{C44404E1-A124-45A0-B9EC-9636445B523B}.Debug|Any CPU.Build.0 = Debug|Any CPU
		{C44404E1-A124-45A0-B9EC-9636445B523B}.Release|Any CPU.ActiveCfg = Release|Any CPU
		{C44404E1-A124-45A0-B9EC-9636445B523B}.Release|Any CPU.Build.0 = Release|Any CPU
		{6266B6D0-A466-4C26-BE78-A6E629A4ECC3}.Debug|Any CPU.ActiveCfg = Debug|Any CPU
		{6266B6D0-A466-4C26-BE78-A6E629A4ECC3}.Debug|Any CPU.Build.0 = Debug|Any CPU
		{6266B6D0-A466-4C26-BE78-A6E629A4ECC3}.Release|Any CPU.ActiveCfg = Release|Any CPU
		{6266B6D0-A466-4C26-BE78-A6E629A4ECC3}.Release|Any CPU.Build.0 = Release|Any CPU
		{EA8A2D8D-F382-4942-93BF-EFE4CB939950}.Debug|Any CPU.ActiveCfg = Debug|Any CPU
		{EA8A2D8D-F382-4942-93BF-EFE4CB939950}.Debug|Any CPU.Build.0 = Debug|Any CPU
		{EA8A2D8D-F382-4942-93BF-EFE4CB939950}.Release|Any CPU.ActiveCfg = Release|Any CPU
		{EA8A2D8D-F382-4942-93BF-EFE4CB939950}.Release|Any CPU.Build.0 = Release|Any CPU
	EndGlobalSection
	GlobalSection(SolutionProperties) = preSolution
		HideSolutionNode = FALSE
	EndGlobalSection
	GlobalSection(NestedProjects) = preSolution
		{AC69C959-7692-425E-92BB-90745E4C90A6} = {8DD87C3F-E87F-4CBB-9659-BD4F781F7E03}
	EndGlobalSection
	GlobalSection(ExtensibilityGlobals) = postSolution
		SolutionGuid = {A058F3B9-5D72-46D0-95D4-F316E152B1CE}
	EndGlobalSection
EndGlobal
